{
  "version": 4,
  "terraform_version": "1.4.5",
  "serial": 4,
  "lineage": "dcef0997-1c23-472c-df2c-fd3172ce445f",
  "outputs": {},
  "resources": [
    {
      "mode": "managed",
      "type": "aws_instance",
      "name": "team1_solar_system",
      "provider": "provider[\"registry.terraform.io/hashicorp/aws\"]",
      "instances": [
        {
          "status": "tainted",
          "schema_version": 1,
          "attributes": {
            "ami": "ami-064087b8d355e9051",
            "arn": "arn:aws:ec2:eu-north-1:292346113978:instance/i-02996acc5276fc973",
            "associate_public_ip_address": true,
            "availability_zone": "eu-north-1c",
            "capacity_reservation_specification": [
              {
                "capacity_reservation_preference": "open",
                "capacity_reservation_target": []
              }
            ],
            "cpu_core_count": 1,
            "cpu_threads_per_core": 2,
            "credit_specification": [
              {
                "cpu_credits": "unlimited"
              }
            ],
            "disable_api_stop": false,
            "disable_api_termination": false,
            "ebs_block_device": [],
            "ebs_optimized": false,
            "enclave_options": [
              {
                "enabled": false
              }
            ],
            "ephemeral_block_device": [],
            "get_password_data": false,
            "hibernation": false,
            "host_id": "",
            "host_resource_group_arn": null,
            "iam_instance_profile": "",
            "id": "i-02996acc5276fc973",
            "instance_initiated_shutdown_behavior": "stop",
            "instance_state": "running",
            "instance_type": "t3.micro",
            "ipv6_address_count": 0,
            "ipv6_addresses": [],
            "key_name": "keybeata",
            "launch_template": [],
            "maintenance_options": [
              {
                "auto_recovery": "default"
              }
            ],
            "metadata_options": [
              {
                "http_endpoint": "enabled",
                "http_put_response_hop_limit": 1,
                "http_tokens": "optional",
                "instance_metadata_tags": "disabled"
              }
            ],
            "monitoring": false,
            "network_interface": [],
            "outpost_arn": "",
            "password_data": "",
            "placement_group": "",
            "placement_partition_number": 0,
            "primary_network_interface_id": "eni-0ad8f79249867ce35",
            "private_dns": "ip-172-31-15-196.eu-north-1.compute.internal",
            "private_dns_name_options": [
              {
                "enable_resource_name_dns_a_record": false,
                "enable_resource_name_dns_aaaa_record": false,
                "hostname_type": "ip-name"
              }
            ],
            "private_ip": "172.31.15.196",
            "public_dns": "ec2-16-16-120-237.eu-north-1.compute.amazonaws.com",
            "public_ip": "16.16.120.237",
            "root_block_device": [
              {
                "delete_on_termination": true,
                "device_name": "/dev/sda1",
                "encrypted": false,
                "iops": 100,
                "kms_key_id": "",
                "tags": {},
                "throughput": 0,
                "volume_id": "vol-091e9c1c0c231ac15",
                "volume_size": 8,
                "volume_type": "gp2"
              }
            ],
            "secondary_private_ips": [],
            "security_groups": [
              "team1_security_group"
            ],
            "source_dest_check": true,
            "subnet_id": "subnet-0387642dbc329293d",
            "tags": {
              "Name": "team1_solar_system"
            },
            "tags_all": {
              "Name": "team1_solar_system"
            },
            "tenancy": "default",
            "timeouts": null,
            "user_data": null,
            "user_data_base64": null,
            "user_data_replace_on_change": false,
            "volume_tags": null,
            "vpc_security_group_ids": [
              "sg-0815df7e9141fc985"
            ]
          },
          "sensitive_attributes": [],
          "private": "eyJlMmJmYjczMC1lY2FhLTExZTYtOGY4OC0zNDM2M2JjN2M0YzAiOnsiY3JlYXRlIjo2MDAwMDAwMDAwMDAsImRlbGV0ZSI6MTIwMDAwMDAwMDAwMCwidXBkYXRlIjo2MDAwMDAwMDAwMDB9LCJzY2hlbWFfdmVyc2lvbiI6IjEifQ==",
          "dependencies": [
            "aws_key_pair.team1_key_pair",
            "aws_security_group.team1_security_group"
          ]
        }
      ]
    },
    {
      "mode": "managed",
      "type": "aws_key_pair",
      "name": "team1_key_pair",
      "provider": "provider[\"registry.terraform.io/hashicorp/aws\"]",
      "instances": [
        {
          "schema_version": 1,
          "attributes": {
            "arn": "arn:aws:ec2:eu-north-1:292346113978:key-pair/keybeata",
            "fingerprint": "05:cb:8c:1e:6b:75:db:c1:6a:8d:7a:54:c1:3c:4a:64",
            "id": "keybeata",
            "key_name": "keybeata",
            "key_name_prefix": "",
            "key_pair_id": "key-080c1dd5f1acc1f62",
            "key_type": "rsa",
            "public_key": "ssh-rsa AAAAB3NzaC1yc2EAAAADAQABAAACAQDSTm2YVSzdQcvycJcDTyafwj94P9fwN/FawyjpWQ82yZ0XdF2Vl8ll8Mq1emchNXs8Prue/2JWn3O4hwGmjCgypYYDT3WXmaxwHi8TKYngHbt/Z6EZT6w9KxJgj/xyaCBDTMb/7ObPh8B+3EfpbmW6D2/SFMgtNHgWtVwTEx/NAcAnIfwMX2bgX5KYROzXi5KPSB8Gyghxoc2UBV8/8OY5pJB2akg+m4XtmweZF38NdRAGM73CtZ38TURT8+TRYCeFFQ9IHT3XoDQje+q3ptqm8p8rhD/IbQ1bp23OwRrditL7czdfWLzF8LqfzXXz2lgsDZnQkzuO7S1Ucd9U3N7P0zhU7AyEIFsWPghvH5PsT0KL4P80k9MzxJbCe0i0ApvgvSK8TGVFWrTw5E58cFBTs8PE13Xf7tg55Gj9QYA2yVkyV2O7HIRBU+bIrgFbzwrDFlw0z12rZ7mGswiHrPZx/YpEoQrTWfRKYt0iRhDbniRJw7z4wB1XyQ4IkTLZIRoxBvQxTg6RcK1LaI1xJ4uXZqGgGYccMPnds0P/zx5wT6gtKlIFBR+IzO7cCM1QzoJHFT+43TPQSGIsj6DOTvQeJ1OG+/xKNhIabXKFEN5uHkA/NN71z5zeEijIHqzEYC8hQYF7u/m6YmLz2+adDVbIY6hXP/iEYvYQfKkL8Ycwew== beataburneike@gmail.com",
            "tags": null,
            "tags_all": {}
          },
          "sensitive_attributes": [],
          "private": "eyJzY2hlbWFfdmVyc2lvbiI6IjEifQ=="
        }
      ]
    },
    {
      "mode": "managed",
      "type": "aws_security_group",
      "name": "team1_security_group",
      "provider": "provider[\"registry.terraform.io/hashicorp/aws\"]",
      "instances": [
        {
          "schema_version": 1,
          "attributes": {
            "arn": "arn:aws:ec2:eu-north-1:292346113978:security-group/sg-0815df7e9141fc985",
            "description": "Managed by Terraform",
            "egress": [
              {
                "cidr_blocks": [
                  "0.0.0.0/0"
                ],
                "description": "",
                "from_port": 0,
                "ipv6_cidr_blocks": [],
                "prefix_list_ids": [],
                "protocol": "-1",
                "security_groups": [],
                "self": false,
                "to_port": 0
              }
            ],
            "id": "sg-0815df7e9141fc985",
            "ingress": [
              {
                "cidr_blocks": [
                  "0.0.0.0/0"
                ],
                "description": "",
                "from_port": 22,
                "ipv6_cidr_blocks": [],
                "prefix_list_ids": [],
                "protocol": "tcp",
                "security_groups": [],
                "self": false,
                "to_port": 22
              },
              {
                "cidr_blocks": [
                  "0.0.0.0/0"
                ],
                "description": "",
                "from_port": 8000,
                "ipv6_cidr_blocks": [],
                "prefix_list_ids": [],
                "protocol": "tcp",
                "security_groups": [],
                "self": false,
                "to_port": 8000
              },
              {
                "cidr_blocks": [
                  "0.0.0.0/0"
                ],
                "description": "",
                "from_port": 80,
                "ipv6_cidr_blocks": [],
                "prefix_list_ids": [],
                "protocol": "tcp",
                "security_groups": [],
                "self": false,
                "to_port": 80
              }
            ],
            "name": "team1_security_group",
            "name_prefix": "",
            "owner_id": "292346113978",
            "revoke_rules_on_delete": false,
            "tags": null,
            "tags_all": {},
            "timeouts": null,
            "vpc_id": "vpc-0bad9f58e7f59fa37"
          },
          "sensitive_attributes": [],
          "private": "eyJlMmJmYjczMC1lY2FhLTExZTYtOGY4OC0zNDM2M2JjN2M0YzAiOnsiY3JlYXRlIjo2MDAwMDAwMDAwMDAsImRlbGV0ZSI6OTAwMDAwMDAwMDAwfSwic2NoZW1hX3ZlcnNpb24iOiIxIn0="
        }
      ]
    }
  ],
  "check_results": null
}
